// !$*UTF8*$!
{
	archiveVersion = 1;
	classes = {
	};
	objectVersion = 48;
	objects = {

/* Begin PBXBuildFile section */
		C802910E1F801E0B0072E2D2 /* AppDelegate.swift in Sources */ = {isa = PBXBuildFile; fileRef = C802910D1F801E0B0072E2D2 /* AppDelegate.swift */; };
		C80291131F801E0B0072E2D2 /* Main.storyboard in Resources */ = {isa = PBXBuildFile; fileRef = C80291111F801E0B0072E2D2 /* Main.storyboard */; };
		C80291151F801E0B0072E2D2 /* Assets.xcassets in Resources */ = {isa = PBXBuildFile; fileRef = C80291141F801E0B0072E2D2 /* Assets.xcassets */; };
		C80291181F801E0B0072E2D2 /* LaunchScreen.storyboard in Resources */ = {isa = PBXBuildFile; fileRef = C80291161F801E0B0072E2D2 /* LaunchScreen.storyboard */; };
		C80291241F8020BA0072E2D2 /* ARViewController.swift in Sources */ = {isa = PBXBuildFile; fileRef = C80291231F8020BA0072E2D2 /* ARViewController.swift */; };
		C80291261F8028630072E2D2 /* SplashViewController.swift in Sources */ = {isa = PBXBuildFile; fileRef = C80291251F8028630072E2D2 /* SplashViewController.swift */; };
		C80291291F802BDC0072E2D2 /* SwiftVideoBackground.swift in Sources */ = {isa = PBXBuildFile; fileRef = C80291281F802BDC0072E2D2 /* SwiftVideoBackground.swift */; };
		C802912C1F802E330072E2D2 /* Background.mp4 in Resources */ = {isa = PBXBuildFile; fileRef = C802912B1F802E330072E2D2 /* Background.mp4 */; };
		C802912E1F8041EF0072E2D2 /* AssistanceViewController.swift in Sources */ = {isa = PBXBuildFile; fileRef = C802912D1F8041EF0072E2D2 /* AssistanceViewController.swift */; };
		C802913A1F80D0810072E2D2 /* MBXCompassMapView.swift in Sources */ = {isa = PBXBuildFile; fileRef = C80291391F80D0810072E2D2 /* MBXCompassMapView.swift */; };
		C802913C1F80DB950072E2D2 /* MBXRectangularMapView.swift in Sources */ = {isa = PBXBuildFile; fileRef = C802913B1F80DB950072E2D2 /* MBXRectangularMapView.swift */; };
		CF813C3D80DB1604429229A0 /* Pods_Aid_AR.framework in Frameworks */ = {isa = PBXBuildFile; fileRef = 44023A8627D6122BD15C3F53 /* Pods_Aid_AR.framework */; };
/* End PBXBuildFile section */

/* Begin PBXFileReference section */
		33DBA41F726612C50C4A435C /* Pods-Aid-AR.release.xcconfig */ = {isa = PBXFileReference; includeInIndex = 1; lastKnownFileType = text.xcconfig; name = "Pods-Aid-AR.release.xcconfig"; path = "Pods/Target Support Files/Pods-Aid-AR/Pods-Aid-AR.release.xcconfig"; sourceTree = "<group>"; };
		44023A8627D6122BD15C3F53 /* Pods_Aid_AR.framework */ = {isa = PBXFileReference; explicitFileType = wrapper.framework; includeInIndex = 0; path = Pods_Aid_AR.framework; sourceTree = BUILT_PRODUCTS_DIR; };
		B53EF8FA095DE3B8215B83DE /* Pods-Aid-AR.debug.xcconfig */ = {isa = PBXFileReference; includeInIndex = 1; lastKnownFileType = text.xcconfig; name = "Pods-Aid-AR.debug.xcconfig"; path = "Pods/Target Support Files/Pods-Aid-AR/Pods-Aid-AR.debug.xcconfig"; sourceTree = "<group>"; };
		C802910A1F801E0B0072E2D2 /* Aid-AR.app */ = {isa = PBXFileReference; explicitFileType = wrapper.application; includeInIndex = 0; path = "Aid-AR.app"; sourceTree = BUILT_PRODUCTS_DIR; };
		C802910D1F801E0B0072E2D2 /* AppDelegate.swift */ = {isa = PBXFileReference; lastKnownFileType = sourcecode.swift; path = AppDelegate.swift; sourceTree = "<group>"; };
		C80291121F801E0B0072E2D2 /* Base */ = {isa = PBXFileReference; lastKnownFileType = file.storyboard; name = Base; path = Base.lproj/Main.storyboard; sourceTree = "<group>"; };
		C80291141F801E0B0072E2D2 /* Assets.xcassets */ = {isa = PBXFileReference; lastKnownFileType = folder.assetcatalog; path = Assets.xcassets; sourceTree = "<group>"; };
		C80291171F801E0B0072E2D2 /* Base */ = {isa = PBXFileReference; lastKnownFileType = file.storyboard; name = Base; path = Base.lproj/LaunchScreen.storyboard; sourceTree = "<group>"; };
		C80291191F801E0B0072E2D2 /* Info.plist */ = {isa = PBXFileReference; lastKnownFileType = text.plist.xml; path = Info.plist; sourceTree = "<group>"; };
		C80291231F8020BA0072E2D2 /* ARViewController.swift */ = {isa = PBXFileReference; lastKnownFileType = sourcecode.swift; name = ARViewController.swift; path = Controllers/ARViewController.swift; sourceTree = "<group>"; };
		C80291251F8028630072E2D2 /* SplashViewController.swift */ = {isa = PBXFileReference; lastKnownFileType = sourcecode.swift; name = SplashViewController.swift; path = Controllers/SplashViewController.swift; sourceTree = "<group>"; };
		C80291281F802BDC0072E2D2 /* SwiftVideoBackground.swift */ = {isa = PBXFileReference; lastKnownFileType = sourcecode.swift; name = SwiftVideoBackground.swift; path = Controllers/SwiftVideoBackground.swift; sourceTree = "<group>"; };
		C802912B1F802E330072E2D2 /* Background.mp4 */ = {isa = PBXFileReference; lastKnownFileType = file; path = Background.mp4; sourceTree = "<group>"; };
		C802912D1F8041EF0072E2D2 /* AssistanceViewController.swift */ = {isa = PBXFileReference; lastKnownFileType = sourcecode.swift; name = AssistanceViewController.swift; path = Controllers/AssistanceViewController.swift; sourceTree = "<group>"; };
		C80291391F80D0810072E2D2 /* MBXCompassMapView.swift */ = {isa = PBXFileReference; lastKnownFileType = sourcecode.swift; name = MBXCompassMapView.swift; path = Controllers/MBXCompassMapView.swift; sourceTree = "<group>"; };
		C802913B1F80DB950072E2D2 /* MBXRectangularMapView.swift */ = {isa = PBXFileReference; lastKnownFileType = sourcecode.swift; name = MBXRectangularMapView.swift; path = Controllers/MBXRectangularMapView.swift; sourceTree = "<group>"; };
/* End PBXFileReference section */

/* Begin PBXFrameworksBuildPhase section */
		C80291071F801E0B0072E2D2 /* Frameworks */ = {
			isa = PBXFrameworksBuildPhase;
			buildActionMask = 2147483647;
			files = (
				CF813C3D80DB1604429229A0 /* Pods_Aid_AR.framework in Frameworks */,
			);
			runOnlyForDeploymentPostprocessing = 0;
		};
/* End PBXFrameworksBuildPhase section */

/* Begin PBXGroup section */
		61669C1E3403868D086F7798 /* Pods */ = {
			isa = PBXGroup;
			children = (
				B53EF8FA095DE3B8215B83DE /* Pods-Aid-AR.debug.xcconfig */,
				33DBA41F726612C50C4A435C /* Pods-Aid-AR.release.xcconfig */,
			);
			name = Pods;
			sourceTree = "<group>";
		};
		C80291011F801E0B0072E2D2 = {
			isa = PBXGroup;
			children = (
				C802910C1F801E0B0072E2D2 /* Aid-AR */,
				C802910B1F801E0B0072E2D2 /* Products */,
				61669C1E3403868D086F7798 /* Pods */,
				F010E9C3434258000A429039 /* Frameworks */,
			);
			sourceTree = "<group>";
		};
		C802910B1F801E0B0072E2D2 /* Products */ = {
			isa = PBXGroup;
			children = (
				C802910A1F801E0B0072E2D2 /* Aid-AR.app */,
			);
			name = Products;
			sourceTree = "<group>";
		};
		C802910C1F801E0B0072E2D2 /* Aid-AR */ = {
			isa = PBXGroup;
			children = (
				C80291391F80D0810072E2D2 /* MBXCompassMapView.swift */,
				C802913B1F80DB950072E2D2 /* MBXRectangularMapView.swift */,
				C80291281F802BDC0072E2D2 /* SwiftVideoBackground.swift */,
				C80291251F8028630072E2D2 /* SplashViewController.swift */,
				C80291231F8020BA0072E2D2 /* ARViewController.swift */,
				C802912D1F8041EF0072E2D2 /* AssistanceViewController.swift */,
				C802910D1F801E0B0072E2D2 /* AppDelegate.swift */,
				C80291111F801E0B0072E2D2 /* Main.storyboard */,
				C802912B1F802E330072E2D2 /* Background.mp4 */,
				C80291141F801E0B0072E2D2 /* Assets.xcassets */,
				C80291161F801E0B0072E2D2 /* LaunchScreen.storyboard */,
				C80291191F801E0B0072E2D2 /* Info.plist */,
			);
			path = "Aid-AR";
			sourceTree = "<group>";
		};
		F010E9C3434258000A429039 /* Frameworks */ = {
			isa = PBXGroup;
			children = (
				44023A8627D6122BD15C3F53 /* Pods_Aid_AR.framework */,
			);
			name = Frameworks;
			sourceTree = "<group>";
		};
/* End PBXGroup section */

/* Begin PBXNativeTarget section */
		C80291091F801E0B0072E2D2 /* Aid-AR */ = {
			isa = PBXNativeTarget;
			buildConfigurationList = C802911C1F801E0B0072E2D2 /* Build configuration list for PBXNativeTarget "Aid-AR" */;
			buildPhases = (
				60A7784ED3846CF2AC4A0B85 /* [CP] Check Pods Manifest.lock */,
				C80291061F801E0B0072E2D2 /* Sources */,
				C80291071F801E0B0072E2D2 /* Frameworks */,
				C80291081F801E0B0072E2D2 /* Resources */,
				98915F0B49A72258BCCEB4C1 /* [CP] Embed Pods Frameworks */,
				0C4AF57D4309B6907E7928C7 /* [CP] Copy Pods Resources */,
			);
			buildRules = (
			);
			dependencies = (
			);
			name = "Aid-AR";
			productName = "Aid-AR";
			productReference = C802910A1F801E0B0072E2D2 /* Aid-AR.app */;
			productType = "com.apple.product-type.application";
		};
/* End PBXNativeTarget section */

/* Begin PBXProject section */
		C80291021F801E0B0072E2D2 /* Project object */ = {
			isa = PBXProject;
			attributes = {
				LastSwiftUpdateCheck = 0900;
				LastUpgradeCheck = 0900;
				ORGANIZATIONNAME = "Wilson Ding";
				TargetAttributes = {
					C80291091F801E0B0072E2D2 = {
						CreatedOnToolsVersion = 9.0;
						ProvisioningStyle = Automatic;
					};
				};
			};
			buildConfigurationList = C80291051F801E0B0072E2D2 /* Build configuration list for PBXProject "Aid-AR" */;
			compatibilityVersion = "Xcode 8.0";
			developmentRegion = en;
			hasScannedForEncodings = 0;
			knownRegions = (
				en,
				Base,
			);
			mainGroup = C80291011F801E0B0072E2D2;
			productRefGroup = C802910B1F801E0B0072E2D2 /* Products */;
			projectDirPath = "";
			projectRoot = "";
			targets = (
				C80291091F801E0B0072E2D2 /* Aid-AR */,
			);
		};
/* End PBXProject section */

/* Begin PBXResourcesBuildPhase section */
		C80291081F801E0B0072E2D2 /* Resources */ = {
			isa = PBXResourcesBuildPhase;
			buildActionMask = 2147483647;
			files = (
				C80291181F801E0B0072E2D2 /* LaunchScreen.storyboard in Resources */,
				C802912C1F802E330072E2D2 /* Background.mp4 in Resources */,
				C80291151F801E0B0072E2D2 /* Assets.xcassets in Resources */,
				C80291131F801E0B0072E2D2 /* Main.storyboard in Resources */,
			);
			runOnlyForDeploymentPostprocessing = 0;
		};
/* End PBXResourcesBuildPhase section */

/* Begin PBXShellScriptBuildPhase section */
		0C4AF57D4309B6907E7928C7 /* [CP] Copy Pods Resources */ = {
			isa = PBXShellScriptBuildPhase;
			buildActionMask = 2147483647;
			files = (
			);
			inputPaths = (
			);
			name = "[CP] Copy Pods Resources";
			outputPaths = (
			);
			runOnlyForDeploymentPostprocessing = 0;
			shellPath = /bin/sh;
			shellScript = "\"${SRCROOT}/Pods/Target Support Files/Pods-Aid-AR/Pods-Aid-AR-resources.sh\"\n";
			showEnvVarsInLog = 0;
		};
		60A7784ED3846CF2AC4A0B85 /* [CP] Check Pods Manifest.lock */ = {
			isa = PBXShellScriptBuildPhase;
			buildActionMask = 2147483647;
			files = (
			);
			inputPaths = (
				"${PODS_PODFILE_DIR_PATH}/Podfile.lock",
				"${PODS_ROOT}/Manifest.lock",
			);
			name = "[CP] Check Pods Manifest.lock";
			outputPaths = (
				"$(DERIVED_FILE_DIR)/Pods-Aid-AR-checkManifestLockResult.txt",
			);
			runOnlyForDeploymentPostprocessing = 0;
			shellPath = /bin/sh;
			shellScript = "diff \"${PODS_PODFILE_DIR_PATH}/Podfile.lock\" \"${PODS_ROOT}/Manifest.lock\" > /dev/null\nif [ $? != 0 ] ; then\n    # print error to STDERR\n    echo \"error: The sandbox is not in sync with the Podfile.lock. Run 'pod install' or update your CocoaPods installation.\" >&2\n    exit 1\nfi\n# This output is used by Xcode 'outputs' to avoid re-running this script phase.\necho \"SUCCESS\" > \"${SCRIPT_OUTPUT_FILE_0}\"\n";
			showEnvVarsInLog = 0;
		};
		98915F0B49A72258BCCEB4C1 /* [CP] Embed Pods Frameworks */ = {
			isa = PBXShellScriptBuildPhase;
			buildActionMask = 2147483647;
			files = (
			);
			inputPaths = (
				"${SRCROOT}/Pods/Target Support Files/Pods-Aid-AR/Pods-Aid-AR-frameworks.sh",
				"${BUILT_PRODUCTS_DIR}/ARCL/ARCL.framework",
				"${BUILT_PRODUCTS_DIR}/Alamofire/Alamofire.framework",
				"${PODS_ROOT}/Mapbox-iOS-SDK-symbols/dynamic/Mapbox.framework",
				"${PODS_ROOT}/Mapbox-iOS-SDK-symbols/dynamic/Mapbox.framework.dSYM",
				"${BUILT_PRODUCTS_DIR}/PKHUD/PKHUD.framework",
				"${BUILT_PRODUCTS_DIR}/SwiftyJSON/SwiftyJSON.framework",
			);
			name = "[CP] Embed Pods Frameworks";
			outputPaths = (
				"${TARGET_BUILD_DIR}/${FRAMEWORKS_FOLDER_PATH}/ARCL.framework",
				"${TARGET_BUILD_DIR}/${FRAMEWORKS_FOLDER_PATH}/Alamofire.framework",
				"${TARGET_BUILD_DIR}/${FRAMEWORKS_FOLDER_PATH}/Mapbox.framework",
				"${DWARF_DSYM_FOLDER_PATH}/Mapbox.framework.dSYM",
				"${TARGET_BUILD_DIR}/${FRAMEWORKS_FOLDER_PATH}/PKHUD.framework",
				"${TARGET_BUILD_DIR}/${FRAMEWORKS_FOLDER_PATH}/SwiftyJSON.framework",
			);
			runOnlyForDeploymentPostprocessing = 0;
			shellPath = /bin/sh;
			shellScript = "\"${SRCROOT}/Pods/Target Support Files/Pods-Aid-AR/Pods-Aid-AR-frameworks.sh\"\n";
			showEnvVarsInLog = 0;
		};
/* End PBXShellScriptBuildPhase section */

/* Begin PBXSourcesBuildPhase section */
		C80291061F801E0B0072E2D2 /* Sources */ = {
			isa = PBXSourcesBuildPhase;
			buildActionMask = 2147483647;
			files = (
				C802913C1F80DB950072E2D2 /* MBXRectangularMapView.swift in Sources */,
				C802913A1F80D0810072E2D2 /* MBXCompassMapView.swift in Sources */,
				C80291261F8028630072E2D2 /* SplashViewController.swift in Sources */,
				C80291291F802BDC0072E2D2 /* SwiftVideoBackground.swift in Sources */,
				C802910E1F801E0B0072E2D2 /* AppDelegate.swift in Sources */,
				C802912E1F8041EF0072E2D2 /* AssistanceViewController.swift in Sources */,
				C80291241F8020BA0072E2D2 /* ARViewController.swift in Sources */,
			);
			runOnlyForDeploymentPostprocessing = 0;
		};
/* End PBXSourcesBuildPhase section */

/* Begin PBXVariantGroup section */
		C80291111F801E0B0072E2D2 /* Main.storyboard */ = {
			isa = PBXVariantGroup;
			children = (
				C80291121F801E0B0072E2D2 /* Base */,
			);
			name = Main.storyboard;
			sourceTree = "<group>";
		};
		C80291161F801E0B0072E2D2 /* LaunchScreen.storyboard */ = {
			isa = PBXVariantGroup;
			children = (
				C80291171F801E0B0072E2D2 /* Base */,
			);
			name = LaunchScreen.storyboard;
			sourceTree = "<group>";
		};
/* End PBXVariantGroup section */

/* Begin XCBuildConfiguration section */
		C802911A1F801E0B0072E2D2 /* Debug */ = {
			isa = XCBuildConfiguration;
			buildSettings = {
				ALWAYS_SEARCH_USER_PATHS = NO;
				CLANG_ANALYZER_NONNULL = YES;
				CLANG_ANALYZER_NUMBER_OBJECT_CONVERSION = YES_AGGRESSIVE;
				CLANG_CXX_LANGUAGE_STANDARD = "gnu++14";
				CLANG_CXX_LIBRARY = "libc++";
				CLANG_ENABLE_MODULES = YES;
				CLANG_ENABLE_OBJC_ARC = YES;
				CLANG_WARN_BLOCK_CAPTURE_AUTORELEASING = YES;
				CLANG_WARN_BOOL_CONVERSION = YES;
				CLANG_WARN_COMMA = YES;
				CLANG_WARN_CONSTANT_CONVERSION = YES;
				CLANG_WARN_DIRECT_OBJC_ISA_USAGE = YES_ERROR;
				CLANG_WARN_DOCUMENTATION_COMMENTS = YES;
				CLANG_WARN_EMPTY_BODY = YES;
				CLANG_WARN_ENUM_CONVERSION = YES;
				CLANG_WARN_INFINITE_RECURSION = YES;
				CLANG_WARN_INT_CONVERSION = YES;
				CLANG_WARN_NON_LITERAL_NULL_CONVERSION = YES;
				CLANG_WARN_OBJC_LITERAL_CONVERSION = YES;
				CLANG_WARN_OBJC_ROOT_CLASS = YES_ERROR;
				CLANG_WARN_RANGE_LOOP_ANALYSIS = YES;
				CLANG_WARN_STRICT_PROTOTYPES = YES;
				CLANG_WARN_SUSPICIOUS_MOVE = YES;
				CLANG_WARN_UNGUARDED_AVAILABILITY = YES_AGGRESSIVE;
				CLANG_WARN_UNREACHABLE_CODE = YES;
				CLANG_WARN__DUPLICATE_METHOD_MATCH = YES;
				CODE_SIGN_IDENTITY = "iPhone Developer";
				COPY_PHASE_STRIP = NO;
				DEBUG_INFORMATION_FORMAT = dwarf;
				ENABLE_STRICT_OBJC_MSGSEND = YES;
				ENABLE_TESTABILITY = YES;
				GCC_C_LANGUAGE_STANDARD = gnu11;
				GCC_DYNAMIC_NO_PIC = NO;
				GCC_NO_COMMON_BLOCKS = YES;
				GCC_OPTIMIZATION_LEVEL = 0;
				GCC_PREPROCESSOR_DEFINITIONS = (
					"DEBUG=1",
					"$(inherited)",
				);
				GCC_WARN_64_TO_32_BIT_CONVERSION = YES;
				GCC_WARN_ABOUT_RETURN_TYPE = YES_ERROR;
				GCC_WARN_UNDECLARED_SELECTOR = YES;
				GCC_WARN_UNINITIALIZED_AUTOS = YES_AGGRESSIVE;
				GCC_WARN_UNUSED_FUNCTION = YES;
				GCC_WARN_UNUSED_VARIABLE = YES;
				IPHONEOS_DEPLOYMENT_TARGET = 11.0;
				MTL_ENABLE_DEBUG_INFO = YES;
				ONLY_ACTIVE_ARCH = YES;
				SDKROOT = iphoneos;
				SWIFT_ACTIVE_COMPILATION_CONDITIONS = DEBUG;
				SWIFT_OPTIMIZATION_LEVEL = "-Onone";
			};
			name = Debug;
		};
		C802911B1F801E0B0072E2D2 /* Release */ = {
			isa = XCBuildConfiguration;
			buildSettings = {
				ALWAYS_SEARCH_USER_PATHS = NO;
				CLANG_ANALYZER_NONNULL = YES;
				CLANG_ANALYZER_NUMBER_OBJECT_CONVERSION = YES_AGGRESSIVE;
				CLANG_CXX_LANGUAGE_STANDARD = "gnu++14";
				CLANG_CXX_LIBRARY = "libc++";
				CLANG_ENABLE_MODULES = YES;
				CLANG_ENABLE_OBJC_ARC = YES;
				CLANG_WARN_BLOCK_CAPTURE_AUTORELEASING = YES;
				CLANG_WARN_BOOL_CONVERSION = YES;
				CLANG_WARN_COMMA = YES;
				CLANG_WARN_CONSTANT_CONVERSION = YES;
				CLANG_WARN_DIRECT_OBJC_ISA_USAGE = YES_ERROR;
				CLANG_WARN_DOCUMENTATION_COMMENTS = YES;
				CLANG_WARN_EMPTY_BODY = YES;
				CLANG_WARN_ENUM_CONVERSION = YES;
				CLANG_WARN_INFINITE_RECURSION = YES;
				CLANG_WARN_INT_CONVERSION = YES;
				CLANG_WARN_NON_LITERAL_NULL_CONVERSION = YES;
				CLANG_WARN_OBJC_LITERAL_CONVERSION = YES;
				CLANG_WARN_OBJC_ROOT_CLASS = YES_ERROR;
				CLANG_WARN_RANGE_LOOP_ANALYSIS = YES;
				CLANG_WARN_STRICT_PROTOTYPES = YES;
				CLANG_WARN_SUSPICIOUS_MOVE = YES;
				CLANG_WARN_UNGUARDED_AVAILABILITY = YES_AGGRESSIVE;
				CLANG_WARN_UNREACHABLE_CODE = YES;
				CLANG_WARN__DUPLICATE_METHOD_MATCH = YES;
				CODE_SIGN_IDENTITY = "iPhone Developer";
				COPY_PHASE_STRIP = NO;
				DEBUG_INFORMATION_FORMAT = "dwarf-with-dsym";
				ENABLE_NS_ASSERTIONS = NO;
				ENABLE_STRICT_OBJC_MSGSEND = YES;
				GCC_C_LANGUAGE_STANDARD = gnu11;
				GCC_NO_COMMON_BLOCKS = YES;
				GCC_WARN_64_TO_32_BIT_CONVERSION = YES;
				GCC_WARN_ABOUT_RETURN_TYPE = YES_ERROR;
				GCC_WARN_UNDECLARED_SELECTOR = YES;
				GCC_WARN_UNINITIALIZED_AUTOS = YES_AGGRESSIVE;
				GCC_WARN_UNUSED_FUNCTION = YES;
				GCC_WARN_UNUSED_VARIABLE = YES;
				IPHONEOS_DEPLOYMENT_TARGET = 11.0;
				MTL_ENABLE_DEBUG_INFO = NO;
				SDKROOT = iphoneos;
				SWIFT_OPTIMIZATION_LEVEL = "-Owholemodule";
				VALIDATE_PRODUCT = YES;
			};
			name = Release;
		};
		C802911D1F801E0B0072E2D2 /* Debug */ = {
			isa = XCBuildConfiguration;
			baseConfigurationReference = B53EF8FA095DE3B8215B83DE /* Pods-Aid-AR.debug.xcconfig */;
			buildSettings = {
				ASSETCATALOG_COMPILER_APPICON_NAME = AppIcon;
				CODE_SIGN_STYLE = Automatic;
				DEVELOPMENT_TEAM = 585SNYAD83;
				INFOPLIST_FILE = "Aid-AR/Info.plist";
				LD_RUNPATH_SEARCH_PATHS = "$(inherited) @executable_path/Frameworks";
				PRODUCT_BUNDLE_IDENTIFIER = "com.wilsonding.Aid-AR";
				PRODUCT_NAME = "$(TARGET_NAME)";
				SWIFT_VERSION = 4.0;
				TARGETED_DEVICE_FAMILY = 1;
			};
			name = Debug;
		};
		C802911E1F801E0B0072E2D2 /* Release */ = {
			isa = XCBuildConfiguration;
			baseConfigurationReference = 33DBA41F726612C50C4A435C /* Pods-Aid-AR.release.xcconfig */;
			buildSettings = {
				ASSETCATALOG_COMPILER_APPICON_NAME = AppIcon;
				CODE_SIGN_STYLE = Automatic;
				DEVELOPMENT_TEAM = 585SNYAD83;
				INFOPLIST_FILE = "Aid-AR/Info.plist";
				LD_RUNPATH_SEARCH_PATHS = "$(inherited) @executable_path/Frameworks";
				PRODUCT_BUNDLE_IDENTIFIER = "com.wilsonding.Aid-AR";
				PRODUCT_NAME = "$(TARGET_NAME)";
				SWIFT_VERSION = 4.0;
				TARGETED_DEVICE_FAMILY = 1;
			};
			name = Release;
		};
/* End XCBuildConfiguration section */

/* Begin XCConfigurationList section */
		C80291051F801E0B0072E2D2 /* Build configuration list for PBXProject "Aid-AR" */ = {
			isa = XCConfigurationList;
			buildConfigurations = (
				C802911A1F801E0B0072E2D2 /* Debug */,
				C802911B1F801E0B0072E2D2 /* Release */,
			);
			defaultConfigurationIsVisible = 0;
			defaultConfigurationName = Release;
		};
		C802911C1F801E0B0072E2D2 /* Build configuration list for PBXNativeTarget "Aid-AR" */ = {
			isa = XCConfigurationList;
			buildConfigurations = (
				C802911D1F801E0B0072E2D2 /* Debug */,
				C802911E1F801E0B0072E2D2 /* Release */,
			);
			defaultConfigurationIsVisible = 0;
			defaultConfigurationName = Release;
		};
/* End XCConfigurationList section */
	};
	rootObject = C80291021F801E0B0072E2D2 /* Project object */;
}
